
Microsoft Visual Studio Solution File, Format Version 11.00
# Visual Studio 2010
Project("{FAE04EC0-301F-11D3-BF4B-00C04F79EFBC}") = "MvcApplication1", "MvcApplication1\MvcApplication1.csproj", "{98DB2575-8DD9-42BA-9140-1AC893A8A3DB}"
EndProject
Project("{FAE04EC0-301F-11D3-BF4B-00C04F79EFBC}") = "MvcApplication1.Tests", "MvcApplication1.Tests\MvcApplication1.Tests.csproj", "{1857E689-8947-45D8-A5EB-7AF3BCA37095}"
EndProject
Global
	GlobalSection(SolutionConfigurationPlatforms) = preSolution
		Debug|Any CPU = Debug|Any CPU
		Release|Any CPU = Release|Any CPU
	EndGlobalSection
	GlobalSection(ProjectConfigurationPlatforms) = postSolution
		{98DB2575-8DD9-42BA-9140-1AC893A8A3DB}.Debug|Any CPU.ActiveCfg = Debug|Any CPU
		{98DB2575-8DD9-42BA-9140-1AC893A8A3DB}.Debug|Any CPU.Build.0 = Debug|Any CPU
		{98DB2575-8DD9-42BA-9140-1AC893A8A3DB}.Release|Any CPU.ActiveCfg = Release|Any CPU
		{98DB2575-8DD9-42BA-9140-1AC893A8A3DB}.Release|Any CPU.Build.0 = Release|Any CPU
		{1857E689-8947-45D8-A5EB-7AF3BCA37095}.Debug|Any CPU.ActiveCfg = Debug|Any CPU
		{1857E689-8947-45D8-A5EB-7AF3BCA37095}.Debug|Any CPU.Build.0 = Debug|Any CPU
		{1857E689-8947-45D8-A5EB-7AF3BCA37095}.Release|Any CPU.ActiveCfg = Release|Any CPU
		{1857E689-8947-45D8-A5EB-7AF3BCA37095}.Release|Any CPU.Build.0 = Release|Any CPU
	EndGlobalSection
	GlobalSection(SolutionProperties) = preSolution
		HideSolutionNode = FALSE
	EndGlobalSection
EndGlobal
